
Microsoft Visual Studio Solution File, Format Version 12.00
# Visual Studio Version 16
VisualStudioVersion = 16.0.30907.101
MinimumVisualStudioVersion = 10.0.40219.1
Project("{FAE04EC0-301F-11D3-BF4B-00C04F79EFBC}") = "MathsLibrary", "MathsLibrary\MathsLibrary.csproj", "{C8373693-7F54-46DF-9456-B544C9608ECE}"
EndProject
Global
	GlobalSection(SolutionConfigurationPlatforms) = preSolution
		Debug|Any CPU = Debug|Any CPU
		Release|Any CPU = Release|Any CPU
	EndGlobalSection
	GlobalSection(ProjectConfigurationPlatforms) = postSolution
		{C8373693-7F54-46DF-9456-B544C9608ECE}.Debug|Any CPU.ActiveCfg = Debug|Any CPU
		{C8373693-7F54-46DF-9456-B544C9608ECE}.Debug|Any CPU.Build.0 = Debug|Any CPU
		{C8373693-7F54-46DF-9456-B544C9608ECE}.Release|Any CPU.ActiveCfg = Release|Any CPU
		{C8373693-7F54-46DF-9456-B544C9608ECE}.Release|Any CPU.Build.0 = Release|Any CPU
	EndGlobalSection
	GlobalSection(SolutionProperties) = preSolution
		HideSolutionNode = FALSE
	EndGlobalSection
	GlobalSection(ExtensibilityGlobals) = postSolution
		SolutionGuid = {60DE681A-3490-4E31-A0FC-42B4E60593AF}
	EndGlobalSection
EndGlobal
